// !$*UTF8*$!
{
	archiveVersion = 1;
	classes = {
	};
	objectVersion = 56;
	objects = {

/* Begin PBXBuildFile section */
		76319AB329BBB83200B550D6 /* AppDelegate.swift in Sources */ = {isa = PBXBuildFile; fileRef = 76319AB229BBB83200B550D6 /* AppDelegate.swift */; };
		76319AB529BBB83200B550D6 /* SceneDelegate.swift in Sources */ = {isa = PBXBuildFile; fileRef = 76319AB429BBB83200B550D6 /* SceneDelegate.swift */; };
		76319ABD29BBB83200B550D6 /* rawg_ios.xcdatamodeld in Sources */ = {isa = PBXBuildFile; fileRef = 76319ABB29BBB83200B550D6 /* rawg_ios.xcdatamodeld */; };
		76319ABF29BBB83400B550D6 /* Assets.xcassets in Resources */ = {isa = PBXBuildFile; fileRef = 76319ABE29BBB83400B550D6 /* Assets.xcassets */; };
		76319AC229BBB83400B550D6 /* LaunchScreen.storyboard in Resources */ = {isa = PBXBuildFile; fileRef = 76319AC029BBB83400B550D6 /* LaunchScreen.storyboard */; };
		76319ACD29BBB83400B550D6 /* rawg_iosTests.swift in Sources */ = {isa = PBXBuildFile; fileRef = 76319ACC29BBB83400B550D6 /* rawg_iosTests.swift */; };
		76319AD729BBB83400B550D6 /* rawg_iosUITests.swift in Sources */ = {isa = PBXBuildFile; fileRef = 76319AD629BBB83400B550D6 /* rawg_iosUITests.swift */; };
		76319AD929BBB83400B550D6 /* rawg_iosUITestsLaunchTests.swift in Sources */ = {isa = PBXBuildFile; fileRef = 76319AD829BBB83400B550D6 /* rawg_iosUITestsLaunchTests.swift */; };
		76319AEC29BC678900B550D6 /* GameListViewController.swift in Sources */ = {isa = PBXBuildFile; fileRef = 76319AEB29BC678900B550D6 /* GameListViewController.swift */; };
		76319AEE29BDB6AA00B550D6 /* GameListViewModel.swift in Sources */ = {isa = PBXBuildFile; fileRef = 76319AED29BDB6AA00B550D6 /* GameListViewModel.swift */; };
		76319AF129BDB6BB00B550D6 /* GameDetailViewController.swift in Sources */ = {isa = PBXBuildFile; fileRef = 76319AF029BDB6BB00B550D6 /* GameDetailViewController.swift */; };
		76319AF329BDB6C200B550D6 /* GameDetailViewModel.swift in Sources */ = {isa = PBXBuildFile; fileRef = 76319AF229BDB6C200B550D6 /* GameDetailViewModel.swift */; };
		76319AF629BDB6D400B550D6 /* FavouriteListViewController.swift in Sources */ = {isa = PBXBuildFile; fileRef = 76319AF529BDB6D400B550D6 /* FavouriteListViewController.swift */; };
		76319AF829BDB6DB00B550D6 /* FavouriteListViewModel.swift in Sources */ = {isa = PBXBuildFile; fileRef = 76319AF729BDB6DB00B550D6 /* FavouriteListViewModel.swift */; };
		76319AFB29BDB6F000B550D6 /* MainTabBarController.swift in Sources */ = {isa = PBXBuildFile; fileRef = 76319AFA29BDB6F000B550D6 /* MainTabBarController.swift */; };
		76319B0129BDB7AF00B550D6 /* Games.swift in Sources */ = {isa = PBXBuildFile; fileRef = 76319B0029BDB7AF00B550D6 /* Games.swift */; };
		76319B0329BDB7B600B550D6 /* GameListResponse.swift in Sources */ = {isa = PBXBuildFile; fileRef = 76319B0229BDB7B600B550D6 /* GameListResponse.swift */; };
		76319B0529BDB7BE00B550D6 /* GameDetailModel.swift in Sources */ = {isa = PBXBuildFile; fileRef = 76319B0429BDB7BE00B550D6 /* GameDetailModel.swift */; };
		76319B0729BDB7C400B550D6 /* Developer.swift in Sources */ = {isa = PBXBuildFile; fileRef = 76319B0629BDB7C400B550D6 /* Developer.swift */; };
		76319B0929BDB7CC00B550D6 /* AddedByStatus.swift in Sources */ = {isa = PBXBuildFile; fileRef = 76319B0829BDB7CC00B550D6 /* AddedByStatus.swift */; };
		76319B0B29BDC23900B550D6 /* NetworkProtocol.swift in Sources */ = {isa = PBXBuildFile; fileRef = 76319B0A29BDC23900B550D6 /* NetworkProtocol.swift */; };
		76319B0D29BDC25F00B550D6 /* NetworkLayer.swift in Sources */ = {isa = PBXBuildFile; fileRef = 76319B0C29BDC25F00B550D6 /* NetworkLayer.swift */; };
		76319B0F29BDC27900B550D6 /* NetworkError.swift in Sources */ = {isa = PBXBuildFile; fileRef = 76319B0E29BDC27900B550D6 /* NetworkError.swift */; };
		76319B1129BDC30200B550D6 /* GameService.swift in Sources */ = {isa = PBXBuildFile; fileRef = 76319B1029BDC30200B550D6 /* GameService.swift */; };
		76319B1329BDCF7900B550D6 /* CoreDataStack.swift in Sources */ = {isa = PBXBuildFile; fileRef = 76319B1229BDCF7900B550D6 /* CoreDataStack.swift */; };
		76319B1629BDD31F00B550D6 /* FavouriteGame+CoreDataClass.swift in Sources */ = {isa = PBXBuildFile; fileRef = 76319B1429BDD31F00B550D6 /* FavouriteGame+CoreDataClass.swift */; };
		76319B1729BDD31F00B550D6 /* FavouriteGame+CoreDataProperties.swift in Sources */ = {isa = PBXBuildFile; fileRef = 76319B1529BDD31F00B550D6 /* FavouriteGame+CoreDataProperties.swift */; };
		76319B1A29BDD4D900B550D6 /* GameCell.swift in Sources */ = {isa = PBXBuildFile; fileRef = 76319B1929BDD4D900B550D6 /* GameCell.swift */; };
		76319B1C29BDF00400B550D6 /* CustomImageView.swift in Sources */ = {isa = PBXBuildFile; fileRef = 76319B1B29BDF00400B550D6 /* CustomImageView.swift */; };
		76319B1E29BDF7BA00B550D6 /* GameInformationView.swift in Sources */ = {isa = PBXBuildFile; fileRef = 76319B1D29BDF7BA00B550D6 /* GameInformationView.swift */; };
		76319B2029BE05A600B550D6 /* TabBarReselectHandling.swift in Sources */ = {isa = PBXBuildFile; fileRef = 76319B1F29BE05A600B550D6 /* TabBarReselectHandling.swift */; };
		76319B2629BE0A3900B550D6 /* GameListViewModelTests.swift in Sources */ = {isa = PBXBuildFile; fileRef = 76319B2529BE0A3900B550D6 /* GameListViewModelTests.swift */; };
		76319B2A29BE0BD600B550D6 /* MockGameService.swift in Sources */ = {isa = PBXBuildFile; fileRef = 76319B2929BE0BD600B550D6 /* MockGameService.swift */; };
		76319B2C29BE166C00B550D6 /* GameDetailViewModelTests.swift in Sources */ = {isa = PBXBuildFile; fileRef = 76319B2B29BE166C00B550D6 /* GameDetailViewModelTests.swift */; };
		76319B2F29BE190200B550D6 /* MockCoreDataStack.swift in Sources */ = {isa = PBXBuildFile; fileRef = 76319B2E29BE190200B550D6 /* MockCoreDataStack.swift */; };
		76319B3129BE1E5800B550D6 /* FavouriteListViewModelTests.swift in Sources */ = {isa = PBXBuildFile; fileRef = 76319B3029BE1E5800B550D6 /* FavouriteListViewModelTests.swift */; };
/* End PBXBuildFile section */

/* Begin PBXContainerItemProxy section */
		76319AC929BBB83400B550D6 /* PBXContainerItemProxy */ = {
			isa = PBXContainerItemProxy;
			containerPortal = 76319AA729BBB83200B550D6 /* Project object */;
			proxyType = 1;
			remoteGlobalIDString = 76319AAE29BBB83200B550D6;
			remoteInfo = "rawg-ios";
		};
		76319AD329BBB83400B550D6 /* PBXContainerItemProxy */ = {
			isa = PBXContainerItemProxy;
			containerPortal = 76319AA729BBB83200B550D6 /* Project object */;
			proxyType = 1;
			remoteGlobalIDString = 76319AAE29BBB83200B550D6;
			remoteInfo = "rawg-ios";
		};
/* End PBXContainerItemProxy section */

/* Begin PBXFileReference section */
		76319AAF29BBB83200B550D6 /* rawg-ios.app */ = {isa = PBXFileReference; explicitFileType = wrapper.application; includeInIndex = 0; path = "rawg-ios.app"; sourceTree = BUILT_PRODUCTS_DIR; };
		76319AB229BBB83200B550D6 /* AppDelegate.swift */ = {isa = PBXFileReference; lastKnownFileType = sourcecode.swift; path = AppDelegate.swift; sourceTree = "<group>"; };
		76319AB429BBB83200B550D6 /* SceneDelegate.swift */ = {isa = PBXFileReference; lastKnownFileType = sourcecode.swift; path = SceneDelegate.swift; sourceTree = "<group>"; };
		76319ABC29BBB83200B550D6 /* rawg_ios.xcdatamodel */ = {isa = PBXFileReference; lastKnownFileType = wrapper.xcdatamodel; path = rawg_ios.xcdatamodel; sourceTree = "<group>"; };
		76319ABE29BBB83400B550D6 /* Assets.xcassets */ = {isa = PBXFileReference; lastKnownFileType = folder.assetcatalog; path = Assets.xcassets; sourceTree = "<group>"; };
		76319AC129BBB83400B550D6 /* Base */ = {isa = PBXFileReference; lastKnownFileType = file.storyboard; name = Base; path = Base.lproj/LaunchScreen.storyboard; sourceTree = "<group>"; };
		76319AC329BBB83400B550D6 /* Info.plist */ = {isa = PBXFileReference; lastKnownFileType = text.plist.xml; path = Info.plist; sourceTree = "<group>"; };
		76319AC829BBB83400B550D6 /* rawg-iosTests.xctest */ = {isa = PBXFileReference; explicitFileType = wrapper.cfbundle; includeInIndex = 0; path = "rawg-iosTests.xctest"; sourceTree = BUILT_PRODUCTS_DIR; };
		76319ACC29BBB83400B550D6 /* rawg_iosTests.swift */ = {isa = PBXFileReference; lastKnownFileType = sourcecode.swift; path = rawg_iosTests.swift; sourceTree = "<group>"; };
		76319AD229BBB83400B550D6 /* rawg-iosUITests.xctest */ = {isa = PBXFileReference; explicitFileType = wrapper.cfbundle; includeInIndex = 0; path = "rawg-iosUITests.xctest"; sourceTree = BUILT_PRODUCTS_DIR; };
		76319AD629BBB83400B550D6 /* rawg_iosUITests.swift */ = {isa = PBXFileReference; lastKnownFileType = sourcecode.swift; path = rawg_iosUITests.swift; sourceTree = "<group>"; };
		76319AD829BBB83400B550D6 /* rawg_iosUITestsLaunchTests.swift */ = {isa = PBXFileReference; lastKnownFileType = sourcecode.swift; path = rawg_iosUITestsLaunchTests.swift; sourceTree = "<group>"; };
		76319AEB29BC678900B550D6 /* GameListViewController.swift */ = {isa = PBXFileReference; lastKnownFileType = sourcecode.swift; path = GameListViewController.swift; sourceTree = "<group>"; };
		76319AED29BDB6AA00B550D6 /* GameListViewModel.swift */ = {isa = PBXFileReference; lastKnownFileType = sourcecode.swift; path = GameListViewModel.swift; sourceTree = "<group>"; };
		76319AF029BDB6BB00B550D6 /* GameDetailViewController.swift */ = {isa = PBXFileReference; lastKnownFileType = sourcecode.swift; path = GameDetailViewController.swift; sourceTree = "<group>"; };
		76319AF229BDB6C200B550D6 /* GameDetailViewModel.swift */ = {isa = PBXFileReference; lastKnownFileType = sourcecode.swift; path = GameDetailViewModel.swift; sourceTree = "<group>"; };
		76319AF529BDB6D400B550D6 /* FavouriteListViewController.swift */ = {isa = PBXFileReference; lastKnownFileType = sourcecode.swift; path = FavouriteListViewController.swift; sourceTree = "<group>"; };
		76319AF729BDB6DB00B550D6 /* FavouriteListViewModel.swift */ = {isa = PBXFileReference; lastKnownFileType = sourcecode.swift; path = FavouriteListViewModel.swift; sourceTree = "<group>"; };
		76319AFA29BDB6F000B550D6 /* MainTabBarController.swift */ = {isa = PBXFileReference; lastKnownFileType = sourcecode.swift; path = MainTabBarController.swift; sourceTree = "<group>"; };
		76319B0029BDB7AF00B550D6 /* Games.swift */ = {isa = PBXFileReference; lastKnownFileType = sourcecode.swift; path = Games.swift; sourceTree = "<group>"; };
		76319B0229BDB7B600B550D6 /* GameListResponse.swift */ = {isa = PBXFileReference; lastKnownFileType = sourcecode.swift; path = GameListResponse.swift; sourceTree = "<group>"; };
		76319B0429BDB7BE00B550D6 /* GameDetailModel.swift */ = {isa = PBXFileReference; lastKnownFileType = sourcecode.swift; path = GameDetailModel.swift; sourceTree = "<group>"; };
		76319B0629BDB7C400B550D6 /* Developer.swift */ = {isa = PBXFileReference; lastKnownFileType = sourcecode.swift; path = Developer.swift; sourceTree = "<group>"; };
		76319B0829BDB7CC00B550D6 /* AddedByStatus.swift */ = {isa = PBXFileReference; lastKnownFileType = sourcecode.swift; path = AddedByStatus.swift; sourceTree = "<group>"; };
		76319B0A29BDC23900B550D6 /* NetworkProtocol.swift */ = {isa = PBXFileReference; lastKnownFileType = sourcecode.swift; path = NetworkProtocol.swift; sourceTree = "<group>"; };
		76319B0C29BDC25F00B550D6 /* NetworkLayer.swift */ = {isa = PBXFileReference; lastKnownFileType = sourcecode.swift; path = NetworkLayer.swift; sourceTree = "<group>"; };
		76319B0E29BDC27900B550D6 /* NetworkError.swift */ = {isa = PBXFileReference; lastKnownFileType = sourcecode.swift; path = NetworkError.swift; sourceTree = "<group>"; };
		76319B1029BDC30200B550D6 /* GameService.swift */ = {isa = PBXFileReference; lastKnownFileType = sourcecode.swift; path = GameService.swift; sourceTree = "<group>"; };
		76319B1229BDCF7900B550D6 /* CoreDataStack.swift */ = {isa = PBXFileReference; lastKnownFileType = sourcecode.swift; path = CoreDataStack.swift; sourceTree = "<group>"; };
		76319B1429BDD31F00B550D6 /* FavouriteGame+CoreDataClass.swift */ = {isa = PBXFileReference; lastKnownFileType = sourcecode.swift; path = "FavouriteGame+CoreDataClass.swift"; sourceTree = "<group>"; };
		76319B1529BDD31F00B550D6 /* FavouriteGame+CoreDataProperties.swift */ = {isa = PBXFileReference; lastKnownFileType = sourcecode.swift; path = "FavouriteGame+CoreDataProperties.swift"; sourceTree = "<group>"; };
		76319B1929BDD4D900B550D6 /* GameCell.swift */ = {isa = PBXFileReference; lastKnownFileType = sourcecode.swift; path = GameCell.swift; sourceTree = "<group>"; };
		76319B1B29BDF00400B550D6 /* CustomImageView.swift */ = {isa = PBXFileReference; lastKnownFileType = sourcecode.swift; path = CustomImageView.swift; sourceTree = "<group>"; };
		76319B1D29BDF7BA00B550D6 /* GameInformationView.swift */ = {isa = PBXFileReference; lastKnownFileType = sourcecode.swift; path = GameInformationView.swift; sourceTree = "<group>"; };
		76319B1F29BE05A600B550D6 /* TabBarReselectHandling.swift */ = {isa = PBXFileReference; lastKnownFileType = sourcecode.swift; path = TabBarReselectHandling.swift; sourceTree = "<group>"; };
		76319B2529BE0A3900B550D6 /* GameListViewModelTests.swift */ = {isa = PBXFileReference; lastKnownFileType = sourcecode.swift; path = GameListViewModelTests.swift; sourceTree = "<group>"; };
		76319B2929BE0BD600B550D6 /* MockGameService.swift */ = {isa = PBXFileReference; lastKnownFileType = sourcecode.swift; path = MockGameService.swift; sourceTree = "<group>"; };
		76319B2B29BE166C00B550D6 /* GameDetailViewModelTests.swift */ = {isa = PBXFileReference; lastKnownFileType = sourcecode.swift; path = GameDetailViewModelTests.swift; sourceTree = "<group>"; };
		76319B2E29BE190200B550D6 /* MockCoreDataStack.swift */ = {isa = PBXFileReference; lastKnownFileType = sourcecode.swift; path = MockCoreDataStack.swift; sourceTree = "<group>"; };
		76319B3029BE1E5800B550D6 /* FavouriteListViewModelTests.swift */ = {isa = PBXFileReference; lastKnownFileType = sourcecode.swift; path = FavouriteListViewModelTests.swift; sourceTree = "<group>"; };
/* End PBXFileReference section */

/* Begin PBXFrameworksBuildPhase section */
		76319AAC29BBB83200B550D6 /* Frameworks */ = {
			isa = PBXFrameworksBuildPhase;
			buildActionMask = 2147483647;
			files = (
			);
			runOnlyForDeploymentPostprocessing = 0;
		};
		76319AC529BBB83400B550D6 /* Frameworks */ = {
			isa = PBXFrameworksBuildPhase;
			buildActionMask = 2147483647;
			files = (
			);
			runOnlyForDeploymentPostprocessing = 0;
		};
		76319ACF29BBB83400B550D6 /* Frameworks */ = {
			isa = PBXFrameworksBuildPhase;
			buildActionMask = 2147483647;
			files = (
			);
			runOnlyForDeploymentPostprocessing = 0;
		};
/* End PBXFrameworksBuildPhase section */

/* Begin PBXGroup section */
		76319AA629BBB83200B550D6 = {
			isa = PBXGroup;
			children = (
				76319AB129BBB83200B550D6 /* rawg-ios */,
				76319ACB29BBB83400B550D6 /* rawg-iosTests */,
				76319AD529BBB83400B550D6 /* rawg-iosUITests */,
				76319AB029BBB83200B550D6 /* Products */,
			);
			sourceTree = "<group>";
		};
		76319AB029BBB83200B550D6 /* Products */ = {
			isa = PBXGroup;
			children = (
				76319AAF29BBB83200B550D6 /* rawg-ios.app */,
				76319AC829BBB83400B550D6 /* rawg-iosTests.xctest */,
				76319AD229BBB83400B550D6 /* rawg-iosUITests.xctest */,
			);
			name = Products;
			sourceTree = "<group>";
		};
		76319AB129BBB83200B550D6 /* rawg-ios */ = {
			isa = PBXGroup;
			children = (
				76319AC329BBB83400B550D6 /* Info.plist */,
				76319AE729BBB9F900B550D6 /* Core */,
				76319AE529BBB9EE00B550D6 /* Data */,
				76319AE629BBB9F500B550D6 /* Feature */,
				76319AE829BBB9FD00B550D6 /* SupportingFiles */,
			);
			path = "rawg-ios";
			sourceTree = "<group>";
		};
		76319ACB29BBB83400B550D6 /* rawg-iosTests */ = {
			isa = PBXGroup;
			children = (
				76319B2729BE0BC900B550D6 /* Mock */,
				76319B2129BE09FF00B550D6 /* Feature */,
				76319ACC29BBB83400B550D6 /* rawg_iosTests.swift */,
			);
			path = "rawg-iosTests";
			sourceTree = "<group>";
		};
		76319AD529BBB83400B550D6 /* rawg-iosUITests */ = {
			isa = PBXGroup;
			children = (
				76319AD629BBB83400B550D6 /* rawg_iosUITests.swift */,
				76319AD829BBB83400B550D6 /* rawg_iosUITestsLaunchTests.swift */,
			);
			path = "rawg-iosUITests";
			sourceTree = "<group>";
		};
		76319AE529BBB9EE00B550D6 /* Data */ = {
			isa = PBXGroup;
			children = (
				76319AFE29BDB74E00B550D6 /* Service */,
				76319AFD29BDB74900B550D6 /* Local */,
				76319AFC29BDB74200B550D6 /* Model */,
			);
			path = Data;
			sourceTree = "<group>";
		};
		76319AE629BBB9F500B550D6 /* Feature */ = {
			isa = PBXGroup;
			children = (
				76319B1829BDD4C300B550D6 /* Component */,
				76319AF429BDB6C500B550D6 /* FavouriteList */,
				76319AEF29BDB6AF00B550D6 /* GameDetail */,
				76319AEA29BC677C00B550D6 /* GameList */,
				76319AF929BDB6E600B550D6 /* TabBar */,
			);
			path = Feature;
			sourceTree = "<group>";
		};
		76319AE729BBB9F900B550D6 /* Core */ = {
			isa = PBXGroup;
			children = (
				76319AB229BBB83200B550D6 /* AppDelegate.swift */,
				76319AB429BBB83200B550D6 /* SceneDelegate.swift */,
				76319AFF29BDB75D00B550D6 /* Helper */,
			);
			path = Core;
			sourceTree = "<group>";
		};
		76319AE829BBB9FD00B550D6 /* SupportingFiles */ = {
			isa = PBXGroup;
			children = (
				76319ABE29BBB83400B550D6 /* Assets.xcassets */,
				76319AC029BBB83400B550D6 /* LaunchScreen.storyboard */,
			);
			path = SupportingFiles;
			sourceTree = "<group>";
		};
		76319AEA29BC677C00B550D6 /* GameList */ = {
			isa = PBXGroup;
			children = (
				76319AEB29BC678900B550D6 /* GameListViewController.swift */,
				76319AED29BDB6AA00B550D6 /* GameListViewModel.swift */,
			);
			path = GameList;
			sourceTree = "<group>";
		};
		76319AEF29BDB6AF00B550D6 /* GameDetail */ = {
			isa = PBXGroup;
			children = (
				76319AF029BDB6BB00B550D6 /* GameDetailViewController.swift */,
				76319AF229BDB6C200B550D6 /* GameDetailViewModel.swift */,
			);
			path = GameDetail;
			sourceTree = "<group>";
		};
		76319AF429BDB6C500B550D6 /* FavouriteList */ = {
			isa = PBXGroup;
			children = (
				76319AF529BDB6D400B550D6 /* FavouriteListViewController.swift */,
				76319AF729BDB6DB00B550D6 /* FavouriteListViewModel.swift */,
			);
			path = FavouriteList;
			sourceTree = "<group>";
		};
		76319AF929BDB6E600B550D6 /* TabBar */ = {
			isa = PBXGroup;
			children = (
				76319AFA29BDB6F000B550D6 /* MainTabBarController.swift */,
				76319B1F29BE05A600B550D6 /* TabBarReselectHandling.swift */,
			);
			path = TabBar;
			sourceTree = "<group>";
		};
		76319AFC29BDB74200B550D6 /* Model */ = {
			isa = PBXGroup;
			children = (
				76319B0829BDB7CC00B550D6 /* AddedByStatus.swift */,
				76319B0629BDB7C400B550D6 /* Developer.swift */,
				76319B0429BDB7BE00B550D6 /* GameDetailModel.swift */,
				76319B0229BDB7B600B550D6 /* GameListResponse.swift */,
				76319B0029BDB7AF00B550D6 /* Games.swift */,
			);
			path = Model;
			sourceTree = "<group>";
		};
		76319AFD29BDB74900B550D6 /* Local */ = {
			isa = PBXGroup;
			children = (
				76319B1229BDCF7900B550D6 /* CoreDataStack.swift */,
				76319B1429BDD31F00B550D6 /* FavouriteGame+CoreDataClass.swift */,
				76319B1529BDD31F00B550D6 /* FavouriteGame+CoreDataProperties.swift */,
				76319ABB29BBB83200B550D6 /* rawg_ios.xcdatamodeld */,
			);
			path = Local;
			sourceTree = "<group>";
		};
		76319AFE29BDB74E00B550D6 /* Service */ = {
			isa = PBXGroup;
			children = (
				76319B1029BDC30200B550D6 /* GameService.swift */,
				76319B0E29BDC27900B550D6 /* NetworkError.swift */,
				76319B0C29BDC25F00B550D6 /* NetworkLayer.swift */,
				76319B0A29BDC23900B550D6 /* NetworkProtocol.swift */,
			);
			path = Service;
			sourceTree = "<group>";
		};
		76319AFF29BDB75D00B550D6 /* Helper */ = {
			isa = PBXGroup;
			children = (
				76319B1B29BDF00400B550D6 /* CustomImageView.swift */,
			);
			path = Helper;
			sourceTree = "<group>";
		};
		76319B1829BDD4C300B550D6 /* Component */ = {
			isa = PBXGroup;
			children = (
				76319B1929BDD4D900B550D6 /* GameCell.swift */,
				76319B1D29BDF7BA00B550D6 /* GameInformationView.swift */,
			);
			path = Component;
			sourceTree = "<group>";
		};
		76319B2129BE09FF00B550D6 /* Feature */ = {
			isa = PBXGroup;
			children = (
				76319B2429BE0A1800B550D6 /* FavouriteList */,
				76319B2329BE0A1200B550D6 /* GameDetail */,
				76319B2229BE0A0700B550D6 /* GameList */,
			);
			path = Feature;
			sourceTree = "<group>";
		};
		76319B2229BE0A0700B550D6 /* GameList */ = {
			isa = PBXGroup;
			children = (
				76319B2529BE0A3900B550D6 /* GameListViewModelTests.swift */,
			);
			path = GameList;
			sourceTree = "<group>";
		};
		76319B2329BE0A1200B550D6 /* GameDetail */ = {
			isa = PBXGroup;
			children = (
				76319B2B29BE166C00B550D6 /* GameDetailViewModelTests.swift */,
			);
			path = GameDetail;
			sourceTree = "<group>";
		};
		76319B2429BE0A1800B550D6 /* FavouriteList */ = {
			isa = PBXGroup;
			children = (
				76319B3029BE1E5800B550D6 /* FavouriteListViewModelTests.swift */,
			);
			path = FavouriteList;
			sourceTree = "<group>";
		};
		76319B2729BE0BC900B550D6 /* Mock */ = {
			isa = PBXGroup;
			children = (
				76319B2D29BE18FA00B550D6 /* Local */,
				76319B2829BE0BCD00B550D6 /* Service */,
			);
			path = Mock;
			sourceTree = "<group>";
		};
		76319B2829BE0BCD00B550D6 /* Service */ = {
			isa = PBXGroup;
			children = (
				76319B2929BE0BD600B550D6 /* MockGameService.swift */,
			);
			path = Service;
			sourceTree = "<group>";
		};
		76319B2D29BE18FA00B550D6 /* Local */ = {
			isa = PBXGroup;
			children = (
				76319B2E29BE190200B550D6 /* MockCoreDataStack.swift */,
			);
			path = Local;
			sourceTree = "<group>";
		};
/* End PBXGroup section */

/* Begin PBXNativeTarget section */
		76319AAE29BBB83200B550D6 /* rawg-ios */ = {
			isa = PBXNativeTarget;
			buildConfigurationList = 76319ADC29BBB83400B550D6 /* Build configuration list for PBXNativeTarget "rawg-ios" */;
			buildPhases = (
				76319AAB29BBB83200B550D6 /* Sources */,
				76319AAC29BBB83200B550D6 /* Frameworks */,
				76319AAD29BBB83200B550D6 /* Resources */,
			);
			buildRules = (
			);
			dependencies = (
			);
			name = "rawg-ios";
			productName = "rawg-ios";
			productReference = 76319AAF29BBB83200B550D6 /* rawg-ios.app */;
			productType = "com.apple.product-type.application";
		};
		76319AC729BBB83400B550D6 /* rawg-iosTests */ = {
			isa = PBXNativeTarget;
			buildConfigurationList = 76319ADF29BBB83400B550D6 /* Build configuration list for PBXNativeTarget "rawg-iosTests" */;
			buildPhases = (
				76319AC429BBB83400B550D6 /* Sources */,
				76319AC529BBB83400B550D6 /* Frameworks */,
				76319AC629BBB83400B550D6 /* Resources */,
			);
			buildRules = (
			);
			dependencies = (
				76319ACA29BBB83400B550D6 /* PBXTargetDependency */,
			);
			name = "rawg-iosTests";
			productName = "rawg-iosTests";
			productReference = 76319AC829BBB83400B550D6 /* rawg-iosTests.xctest */;
			productType = "com.apple.product-type.bundle.unit-test";
		};
		76319AD129BBB83400B550D6 /* rawg-iosUITests */ = {
			isa = PBXNativeTarget;
			buildConfigurationList = 76319AE229BBB83400B550D6 /* Build configuration list for PBXNativeTarget "rawg-iosUITests" */;
			buildPhases = (
				76319ACE29BBB83400B550D6 /* Sources */,
				76319ACF29BBB83400B550D6 /* Frameworks */,
				76319AD029BBB83400B550D6 /* Resources */,
			);
			buildRules = (
			);
			dependencies = (
				76319AD429BBB83400B550D6 /* PBXTargetDependency */,
			);
			name = "rawg-iosUITests";
			productName = "rawg-iosUITests";
			productReference = 76319AD229BBB83400B550D6 /* rawg-iosUITests.xctest */;
			productType = "com.apple.product-type.bundle.ui-testing";
		};
/* End PBXNativeTarget section */

/* Begin PBXProject section */
		76319AA729BBB83200B550D6 /* Project object */ = {
			isa = PBXProject;
			attributes = {
				BuildIndependentTargetsInParallel = 1;
				LastSwiftUpdateCheck = 1420;
				LastUpgradeCheck = 1420;
				TargetAttributes = {
					76319AAE29BBB83200B550D6 = {
						CreatedOnToolsVersion = 14.2;
					};
					76319AC729BBB83400B550D6 = {
						CreatedOnToolsVersion = 14.2;
						TestTargetID = 76319AAE29BBB83200B550D6;
					};
					76319AD129BBB83400B550D6 = {
						CreatedOnToolsVersion = 14.2;
						TestTargetID = 76319AAE29BBB83200B550D6;
					};
				};
			};
			buildConfigurationList = 76319AAA29BBB83200B550D6 /* Build configuration list for PBXProject "rawg-ios" */;
			compatibilityVersion = "Xcode 14.0";
			developmentRegion = en;
			hasScannedForEncodings = 0;
			knownRegions = (
				en,
				Base,
			);
			mainGroup = 76319AA629BBB83200B550D6;
			productRefGroup = 76319AB029BBB83200B550D6 /* Products */;
			projectDirPath = "";
			projectRoot = "";
			targets = (
				76319AAE29BBB83200B550D6 /* rawg-ios */,
				76319AC729BBB83400B550D6 /* rawg-iosTests */,
				76319AD129BBB83400B550D6 /* rawg-iosUITests */,
			);
		};
/* End PBXProject section */

/* Begin PBXResourcesBuildPhase section */
		76319AAD29BBB83200B550D6 /* Resources */ = {
			isa = PBXResourcesBuildPhase;
			buildActionMask = 2147483647;
			files = (
				76319AC229BBB83400B550D6 /* LaunchScreen.storyboard in Resources */,
				76319ABF29BBB83400B550D6 /* Assets.xcassets in Resources */,
			);
			runOnlyForDeploymentPostprocessing = 0;
		};
		76319AC629BBB83400B550D6 /* Resources */ = {
			isa = PBXResourcesBuildPhase;
			buildActionMask = 2147483647;
			files = (
			);
			runOnlyForDeploymentPostprocessing = 0;
		};
		76319AD029BBB83400B550D6 /* Resources */ = {
			isa = PBXResourcesBuildPhase;
			buildActionMask = 2147483647;
			files = (
			);
			runOnlyForDeploymentPostprocessing = 0;
		};
/* End PBXResourcesBuildPhase section */

/* Begin PBXSourcesBuildPhase section */
		76319AAB29BBB83200B550D6 /* Sources */ = {
			isa = PBXSourcesBuildPhase;
			buildActionMask = 2147483647;
			files = (
				76319B1E29BDF7BA00B550D6 /* GameInformationView.swift in Sources */,
				76319AEE29BDB6AA00B550D6 /* GameListViewModel.swift in Sources */,
				76319B1C29BDF00400B550D6 /* CustomImageView.swift in Sources */,
				76319AF329BDB6C200B550D6 /* GameDetailViewModel.swift in Sources */,
				76319AFB29BDB6F000B550D6 /* MainTabBarController.swift in Sources */,
				76319AF129BDB6BB00B550D6 /* GameDetailViewController.swift in Sources */,
				76319B1629BDD31F00B550D6 /* FavouriteGame+CoreDataClass.swift in Sources */,
				76319B0129BDB7AF00B550D6 /* Games.swift in Sources */,
				76319AF829BDB6DB00B550D6 /* FavouriteListViewModel.swift in Sources */,
				76319B1129BDC30200B550D6 /* GameService.swift in Sources */,
				76319B0729BDB7C400B550D6 /* Developer.swift in Sources */,
				76319AEC29BC678900B550D6 /* GameListViewController.swift in Sources */,
				76319AF629BDB6D400B550D6 /* FavouriteListViewController.swift in Sources */,
				76319ABD29BBB83200B550D6 /* rawg_ios.xcdatamodeld in Sources */,
				76319B0329BDB7B600B550D6 /* GameListResponse.swift in Sources */,
				76319B0D29BDC25F00B550D6 /* NetworkLayer.swift in Sources */,
				76319B0529BDB7BE00B550D6 /* GameDetailModel.swift in Sources */,
				76319B2029BE05A600B550D6 /* TabBarReselectHandling.swift in Sources */,
				76319B1729BDD31F00B550D6 /* FavouriteGame+CoreDataProperties.swift in Sources */,
				76319B0B29BDC23900B550D6 /* NetworkProtocol.swift in Sources */,
				76319B1329BDCF7900B550D6 /* CoreDataStack.swift in Sources */,
				76319AB329BBB83200B550D6 /* AppDelegate.swift in Sources */,
				76319B1A29BDD4D900B550D6 /* GameCell.swift in Sources */,
				76319B0F29BDC27900B550D6 /* NetworkError.swift in Sources */,
				76319B0929BDB7CC00B550D6 /* AddedByStatus.swift in Sources */,
				76319AB529BBB83200B550D6 /* SceneDelegate.swift in Sources */,
			);
			runOnlyForDeploymentPostprocessing = 0;
		};
		76319AC429BBB83400B550D6 /* Sources */ = {
			isa = PBXSourcesBuildPhase;
			buildActionMask = 2147483647;
			files = (
				76319B2629BE0A3900B550D6 /* GameListViewModelTests.swift in Sources */,
				76319B2C29BE166C00B550D6 /* GameDetailViewModelTests.swift in Sources */,
				76319B3129BE1E5800B550D6 /* FavouriteListViewModelTests.swift in Sources */,
				76319B2A29BE0BD600B550D6 /* MockGameService.swift in Sources */,
				76319ACD29BBB83400B550D6 /* rawg_iosTests.swift in Sources */,
				76319B2F29BE190200B550D6 /* MockCoreDataStack.swift in Sources */,
			);
			runOnlyForDeploymentPostprocessing = 0;
		};
		76319ACE29BBB83400B550D6 /* Sources */ = {
			isa = PBXSourcesBuildPhase;
			buildActionMask = 2147483647;
			files = (
				76319AD929BBB83400B550D6 /* rawg_iosUITestsLaunchTests.swift in Sources */,
				76319AD729BBB83400B550D6 /* rawg_iosUITests.swift in Sources */,
			);
			runOnlyForDeploymentPostprocessing = 0;
		};
/* End PBXSourcesBuildPhase section */

/* Begin PBXTargetDependency section */
		76319ACA29BBB83400B550D6 /* PBXTargetDependency */ = {
			isa = PBXTargetDependency;
			target = 76319AAE29BBB83200B550D6 /* rawg-ios */;
			targetProxy = 76319AC929BBB83400B550D6 /* PBXContainerItemProxy */;
		};
		76319AD429BBB83400B550D6 /* PBXTargetDependency */ = {
			isa = PBXTargetDependency;
			target = 76319AAE29BBB83200B550D6 /* rawg-ios */;
			targetProxy = 76319AD329BBB83400B550D6 /* PBXContainerItemProxy */;
		};
/* End PBXTargetDependency section */

/* Begin PBXVariantGroup section */
		76319AC029BBB83400B550D6 /* LaunchScreen.storyboard */ = {
			isa = PBXVariantGroup;
			children = (
				76319AC129BBB83400B550D6 /* Base */,
			);
			name = LaunchScreen.storyboard;
			sourceTree = "<group>";
		};
/* End PBXVariantGroup section */

/* Begin XCBuildConfiguration section */
		76319ADA29BBB83400B550D6 /* Debug */ = {
			isa = XCBuildConfiguration;
			buildSettings = {
				ALWAYS_SEARCH_USER_PATHS = NO;
				CLANG_ANALYZER_NONNULL = YES;
				CLANG_ANALYZER_NUMBER_OBJECT_CONVERSION = YES_AGGRESSIVE;
				CLANG_CXX_LANGUAGE_STANDARD = "gnu++20";
				CLANG_ENABLE_MODULES = YES;
				CLANG_ENABLE_OBJC_ARC = YES;
				CLANG_ENABLE_OBJC_WEAK = YES;
				CLANG_WARN_BLOCK_CAPTURE_AUTORELEASING = YES;
				CLANG_WARN_BOOL_CONVERSION = YES;
				CLANG_WARN_COMMA = YES;
				CLANG_WARN_CONSTANT_CONVERSION = YES;
				CLANG_WARN_DEPRECATED_OBJC_IMPLEMENTATIONS = YES;
				CLANG_WARN_DIRECT_OBJC_ISA_USAGE = YES_ERROR;
				CLANG_WARN_DOCUMENTATION_COMMENTS = YES;
				CLANG_WARN_EMPTY_BODY = YES;
				CLANG_WARN_ENUM_CONVERSION = YES;
				CLANG_WARN_INFINITE_RECURSION = YES;
				CLANG_WARN_INT_CONVERSION = YES;
				CLANG_WARN_NON_LITERAL_NULL_CONVERSION = YES;
				CLANG_WARN_OBJC_IMPLICIT_RETAIN_SELF = YES;
				CLANG_WARN_OBJC_LITERAL_CONVERSION = YES;
				CLANG_WARN_OBJC_ROOT_CLASS = YES_ERROR;
				CLANG_WARN_QUOTED_INCLUDE_IN_FRAMEWORK_HEADER = YES;
				CLANG_WARN_RANGE_LOOP_ANALYSIS = YES;
				CLANG_WARN_STRICT_PROTOTYPES = YES;
				CLANG_WARN_SUSPICIOUS_MOVE = YES;
				CLANG_WARN_UNGUARDED_AVAILABILITY = YES_AGGRESSIVE;
				CLANG_WARN_UNREACHABLE_CODE = YES;
				CLANG_WARN__DUPLICATE_METHOD_MATCH = YES;
				COPY_PHASE_STRIP = NO;
				DEBUG_INFORMATION_FORMAT = dwarf;
				ENABLE_STRICT_OBJC_MSGSEND = YES;
				ENABLE_TESTABILITY = YES;
				GCC_C_LANGUAGE_STANDARD = gnu11;
				GCC_DYNAMIC_NO_PIC = NO;
				GCC_NO_COMMON_BLOCKS = YES;
				GCC_OPTIMIZATION_LEVEL = 0;
				GCC_PREPROCESSOR_DEFINITIONS = (
					"DEBUG=1",
					"$(inherited)",
				);
				GCC_WARN_64_TO_32_BIT_CONVERSION = YES;
				GCC_WARN_ABOUT_RETURN_TYPE = YES_ERROR;
				GCC_WARN_UNDECLARED_SELECTOR = YES;
				GCC_WARN_UNINITIALIZED_AUTOS = YES_AGGRESSIVE;
				GCC_WARN_UNUSED_FUNCTION = YES;
				GCC_WARN_UNUSED_VARIABLE = YES;
				IPHONEOS_DEPLOYMENT_TARGET = 13;
				MTL_ENABLE_DEBUG_INFO = INCLUDE_SOURCE;
				MTL_FAST_MATH = YES;
				ONLY_ACTIVE_ARCH = YES;
				SDKROOT = iphoneos;
				SWIFT_ACTIVE_COMPILATION_CONDITIONS = DEBUG;
				SWIFT_OPTIMIZATION_LEVEL = "-Onone";
			};
			name = Debug;
		};
		76319ADB29BBB83400B550D6 /* Release */ = {
			isa = XCBuildConfiguration;
			buildSettings = {
				ALWAYS_SEARCH_USER_PATHS = NO;
				CLANG_ANALYZER_NONNULL = YES;
				CLANG_ANALYZER_NUMBER_OBJECT_CONVERSION = YES_AGGRESSIVE;
				CLANG_CXX_LANGUAGE_STANDARD = "gnu++20";
				CLANG_ENABLE_MODULES = YES;
				CLANG_ENABLE_OBJC_ARC = YES;
				CLANG_ENABLE_OBJC_WEAK = YES;
				CLANG_WARN_BLOCK_CAPTURE_AUTORELEASING = YES;
				CLANG_WARN_BOOL_CONVERSION = YES;
				CLANG_WARN_COMMA = YES;
				CLANG_WARN_CONSTANT_CONVERSION = YES;
				CLANG_WARN_DEPRECATED_OBJC_IMPLEMENTATIONS = YES;
				CLANG_WARN_DIRECT_OBJC_ISA_USAGE = YES_ERROR;
				CLANG_WARN_DOCUMENTATION_COMMENTS = YES;
				CLANG_WARN_EMPTY_BODY = YES;
				CLANG_WARN_ENUM_CONVERSION = YES;
				CLANG_WARN_INFINITE_RECURSION = YES;
				CLANG_WARN_INT_CONVERSION = YES;
				CLANG_WARN_NON_LITERAL_NULL_CONVERSION = YES;
				CLANG_WARN_OBJC_IMPLICIT_RETAIN_SELF = YES;
				CLANG_WARN_OBJC_LITERAL_CONVERSION = YES;
				CLANG_WARN_OBJC_ROOT_CLASS = YES_ERROR;
				CLANG_WARN_QUOTED_INCLUDE_IN_FRAMEWORK_HEADER = YES;
				CLANG_WARN_RANGE_LOOP_ANALYSIS = YES;
				CLANG_WARN_STRICT_PROTOTYPES = YES;
				CLANG_WARN_SUSPICIOUS_MOVE = YES;
				CLANG_WARN_UNGUARDED_AVAILABILITY = YES_AGGRESSIVE;
				CLANG_WARN_UNREACHABLE_CODE = YES;
				CLANG_WARN__DUPLICATE_METHOD_MATCH = YES;
				COPY_PHASE_STRIP = NO;
				DEBUG_INFORMATION_FORMAT = "dwarf-with-dsym";
				ENABLE_NS_ASSERTIONS = NO;
				ENABLE_STRICT_OBJC_MSGSEND = YES;
				GCC_C_LANGUAGE_STANDARD = gnu11;
				GCC_NO_COMMON_BLOCKS = YES;
				GCC_WARN_64_TO_32_BIT_CONVERSION = YES;
				GCC_WARN_ABOUT_RETURN_TYPE = YES_ERROR;
				GCC_WARN_UNDECLARED_SELECTOR = YES;
				GCC_WARN_UNINITIALIZED_AUTOS = YES_AGGRESSIVE;
				GCC_WARN_UNUSED_FUNCTION = YES;
				GCC_WARN_UNUSED_VARIABLE = YES;
				IPHONEOS_DEPLOYMENT_TARGET = 13;
				MTL_ENABLE_DEBUG_INFO = NO;
				MTL_FAST_MATH = YES;
				SDKROOT = iphoneos;
				SWIFT_COMPILATION_MODE = wholemodule;
				SWIFT_OPTIMIZATION_LEVEL = "-O";
				VALIDATE_PRODUCT = YES;
			};
			name = Release;
		};
		76319ADD29BBB83400B550D6 /* Debug */ = {
			isa = XCBuildConfiguration;
			buildSettings = {
				ASSETCATALOG_COMPILER_APPICON_NAME = AppIcon;
				ASSETCATALOG_COMPILER_GLOBAL_ACCENT_COLOR_NAME = AccentColor;
				CODE_SIGN_STYLE = Automatic;
				CURRENT_PROJECT_VERSION = 1;
				DEVELOPMENT_TEAM = 77F35BPUBS;
				GENERATE_INFOPLIST_FILE = YES;
				INFOPLIST_FILE = "rawg-ios/Info.plist";
				INFOPLIST_KEY_UIApplicationSupportsIndirectInputEvents = YES;
				INFOPLIST_KEY_UILaunchStoryboardName = LaunchScreen;
				INFOPLIST_KEY_UISupportedInterfaceOrientations = UIInterfaceOrientationPortrait;
				INFOPLIST_KEY_UISupportedInterfaceOrientations_iPad = "UIInterfaceOrientationLandscapeLeft UIInterfaceOrientationLandscapeRight UIInterfaceOrientationPortrait UIInterfaceOrientationPortraitUpsideDown";
				LD_RUNPATH_SEARCH_PATHS = (
					"$(inherited)",
					"@executable_path/Frameworks",
				);
				MARKETING_VERSION = 1.0;
				PRODUCT_BUNDLE_IDENTIFIER = "com.rayo.rawg-ios";
				PRODUCT_NAME = "$(TARGET_NAME)";
				SUPPORTED_PLATFORMS = "iphoneos iphonesimulator";
				SUPPORTS_MACCATALYST = NO;
				SUPPORTS_MAC_DESIGNED_FOR_IPHONE_IPAD = NO;
				SWIFT_EMIT_LOC_STRINGS = YES;
				SWIFT_VERSION = 5.0;
				TARGETED_DEVICE_FAMILY = 1;
			};
			name = Debug;
		};
		76319ADE29BBB83400B550D6 /* Release */ = {
			isa = XCBuildConfiguration;
			buildSettings = {
				ASSETCATALOG_COMPILER_APPICON_NAME = AppIcon;
				ASSETCATALOG_COMPILER_GLOBAL_ACCENT_COLOR_NAME = AccentColor;
				CODE_SIGN_STYLE = Automatic;
				CURRENT_PROJECT_VERSION = 1;
				DEVELOPMENT_TEAM = 77F35BPUBS;
				GENERATE_INFOPLIST_FILE = YES;
				INFOPLIST_FILE = "rawg-ios/Info.plist";
				INFOPLIST_KEY_UIApplicationSupportsIndirectInputEvents = YES;
				INFOPLIST_KEY_UILaunchStoryboardName = LaunchScreen;
				INFOPLIST_KEY_UISupportedInterfaceOrientations = UIInterfaceOrientationPortrait;
				INFOPLIST_KEY_UISupportedInterfaceOrientations_iPad = "UIInterfaceOrientationLandscapeLeft UIInterfaceOrientationLandscapeRight UIInterfaceOrientationPortrait UIInterfaceOrientationPortraitUpsideDown";
				LD_RUNPATH_SEARCH_PATHS = (
					"$(inherited)",
					"@executable_path/Frameworks",
				);
				MARKETING_VERSION = 1.0;
				PRODUCT_BUNDLE_IDENTIFIER = "com.rayo.rawg-ios";
				PRODUCT_NAME = "$(TARGET_NAME)";
				SUPPORTED_PLATFORMS = "iphoneos iphonesimulator";
				SUPPORTS_MACCATALYST = NO;
				SUPPORTS_MAC_DESIGNED_FOR_IPHONE_IPAD = NO;
				SWIFT_EMIT_LOC_STRINGS = YES;
				SWIFT_VERSION = 5.0;
				TARGETED_DEVICE_FAMILY = 1;
			};
			name = Release;
		};
		76319AE029BBB83400B550D6 /* Debug */ = {
			isa = XCBuildConfiguration;
			buildSettings = {
				ALWAYS_EMBED_SWIFT_STANDARD_LIBRARIES = YES;
				BUNDLE_LOADER = "$(TEST_HOST)";
				CODE_SIGN_STYLE = Automatic;
				CURRENT_PROJECT_VERSION = 1;
				DEVELOPMENT_TEAM = 77F35BPUBS;
				GENERATE_INFOPLIST_FILE = YES;
				IPHONEOS_DEPLOYMENT_TARGET = 13;
				MARKETING_VERSION = 1.0;
				PRODUCT_BUNDLE_IDENTIFIER = "com.rayo.rawg-iosTests";
				PRODUCT_NAME = "$(TARGET_NAME)";
				SUPPORTED_PLATFORMS = "iphoneos iphonesimulator";
				SUPPORTS_MACCATALYST = NO;
				SUPPORTS_MAC_DESIGNED_FOR_IPHONE_IPAD = NO;
				SWIFT_EMIT_LOC_STRINGS = NO;
				SWIFT_VERSION = 5.0;
				TARGETED_DEVICE_FAMILY = 1;
				TEST_HOST = "$(BUILT_PRODUCTS_DIR)/rawg-ios.app/$(BUNDLE_EXECUTABLE_FOLDER_PATH)/rawg-ios";
			};
			name = Debug;
		};
		76319AE129BBB83400B550D6 /* Release */ = {
			isa = XCBuildConfiguration;
			buildSettings = {
				ALWAYS_EMBED_SWIFT_STANDARD_LIBRARIES = YES;
				BUNDLE_LOADER = "$(TEST_HOST)";
				CODE_SIGN_STYLE = Automatic;
				CURRENT_PROJECT_VERSION = 1;
				DEVELOPMENT_TEAM = 77F35BPUBS;
				GENERATE_INFOPLIST_FILE = YES;
				IPHONEOS_DEPLOYMENT_TARGET = 13;
				MARKETING_VERSION = 1.0;
				PRODUCT_BUNDLE_IDENTIFIER = "com.rayo.rawg-iosTests";
				PRODUCT_NAME = "$(TARGET_NAME)";
				SUPPORTED_PLATFORMS = "iphoneos iphonesimulator";
				SUPPORTS_MACCATALYST = NO;
				SUPPORTS_MAC_DESIGNED_FOR_IPHONE_IPAD = NO;
				SWIFT_EMIT_LOC_STRINGS = NO;
				SWIFT_VERSION = 5.0;
				TARGETED_DEVICE_FAMILY = 1;
				TEST_HOST = "$(BUILT_PRODUCTS_DIR)/rawg-ios.app/$(BUNDLE_EXECUTABLE_FOLDER_PATH)/rawg-ios";
			};
			name = Release;
		};
		76319AE329BBB83400B550D6 /* Debug */ = {
			isa = XCBuildConfiguration;
			buildSettings = {
				ALWAYS_EMBED_SWIFT_STANDARD_LIBRARIES = YES;
				CODE_SIGN_STYLE = Automatic;
				CURRENT_PROJECT_VERSION = 1;
				DEVELOPMENT_TEAM = 77F35BPUBS;
				GENERATE_INFOPLIST_FILE = YES;
				MARKETING_VERSION = 1.0;
				PRODUCT_BUNDLE_IDENTIFIER = "com.rayo.rawg-iosUITests";
				PRODUCT_NAME = "$(TARGET_NAME)";
				SUPPORTED_PLATFORMS = "iphoneos iphonesimulator";
				SUPPORTS_MACCATALYST = NO;
				SUPPORTS_MAC_DESIGNED_FOR_IPHONE_IPAD = NO;
				SWIFT_EMIT_LOC_STRINGS = NO;
				SWIFT_VERSION = 5.0;
				TARGETED_DEVICE_FAMILY = 1;
				TEST_TARGET_NAME = "rawg-ios";
			};
			name = Debug;
		};
		76319AE429BBB83400B550D6 /* Release */ = {
			isa = XCBuildConfiguration;
			buildSettings = {
				ALWAYS_EMBED_SWIFT_STANDARD_LIBRARIES = YES;
				CODE_SIGN_STYLE = Automatic;
				CURRENT_PROJECT_VERSION = 1;
				DEVELOPMENT_TEAM = 77F35BPUBS;
				GENERATE_INFOPLIST_FILE = YES;
				MARKETING_VERSION = 1.0;
				PRODUCT_BUNDLE_IDENTIFIER = "com.rayo.rawg-iosUITests";
				PRODUCT_NAME = "$(TARGET_NAME)";
				SUPPORTED_PLATFORMS = "iphoneos iphonesimulator";
				SUPPORTS_MACCATALYST = NO;
				SUPPORTS_MAC_DESIGNED_FOR_IPHONE_IPAD = NO;
				SWIFT_EMIT_LOC_STRINGS = NO;
				SWIFT_VERSION = 5.0;
				TARGETED_DEVICE_FAMILY = 1;
				TEST_TARGET_NAME = "rawg-ios";
			};
			name = Release;
		};
/* End XCBuildConfiguration section */

/* Begin XCConfigurationList section */
		76319AAA29BBB83200B550D6 /* Build configuration list for PBXProject "rawg-ios" */ = {
			isa = XCConfigurationList;
			buildConfigurations = (
				76319ADA29BBB83400B550D6 /* Debug */,
				76319ADB29BBB83400B550D6 /* Release */,
			);
			defaultConfigurationIsVisible = 0;
			defaultConfigurationName = Release;
		};
		76319ADC29BBB83400B550D6 /* Build configuration list for PBXNativeTarget "rawg-ios" */ = {
			isa = XCConfigurationList;
			buildConfigurations = (
				76319ADD29BBB83400B550D6 /* Debug */,
				76319ADE29BBB83400B550D6 /* Release */,
			);
			defaultConfigurationIsVisible = 0;
			defaultConfigurationName = Release;
		};
		76319ADF29BBB83400B550D6 /* Build configuration list for PBXNativeTarget "rawg-iosTests" */ = {
			isa = XCConfigurationList;
			buildConfigurations = (
				76319AE029BBB83400B550D6 /* Debug */,
				76319AE129BBB83400B550D6 /* Release */,
			);
			defaultConfigurationIsVisible = 0;
			defaultConfigurationName = Release;
		};
		76319AE229BBB83400B550D6 /* Build configuration list for PBXNativeTarget "rawg-iosUITests" */ = {
			isa = XCConfigurationList;
			buildConfigurations = (
				76319AE329BBB83400B550D6 /* Debug */,
				76319AE429BBB83400B550D6 /* Release */,
			);
			defaultConfigurationIsVisible = 0;
			defaultConfigurationName = Release;
		};
/* End XCConfigurationList section */

/* Begin XCVersionGroup section */
		76319ABB29BBB83200B550D6 /* rawg_ios.xcdatamodeld */ = {
			isa = XCVersionGroup;
			children = (
				76319ABC29BBB83200B550D6 /* rawg_ios.xcdatamodel */,
			);
			currentVersion = 76319ABC29BBB83200B550D6 /* rawg_ios.xcdatamodel */;
			path = rawg_ios.xcdatamodeld;
			sourceTree = "<group>";
			versionGroupType = wrapper.xcdatamodel;
		};
/* End XCVersionGroup section */
	};
	rootObject = 76319AA729BBB83200B550D6 /* Project object */;
}
